// !$*UTF8*$!
{
	archiveVersion = 1;
	classes = {
	};
	objectVersion = 46;
	objects = {

/* Begin PBXBuildFile section */
		92B0112C1B950A64006594A2 /* main.m in Sources */ = {isa = PBXBuildFile; fileRef = 92B0112B1B950A64006594A2 /* main.m */; };
		92B0112F1B950A64006594A2 /* AppDelegate.m in Sources */ = {isa = PBXBuildFile; fileRef = 92B0112E1B950A64006594A2 /* AppDelegate.m */; };
		92B011321B950A64006594A2 /* ViewController.m in Sources */ = {isa = PBXBuildFile; fileRef = 92B011311B950A64006594A2 /* ViewController.m */; };
		92B011351B950A64006594A2 /* Main.storyboard in Resources */ = {isa = PBXBuildFile; fileRef = 92B011331B950A64006594A2 /* Main.storyboard */; };
		92B011371B950A64006594A2 /* Images.xcassets in Resources */ = {isa = PBXBuildFile; fileRef = 92B011361B950A64006594A2 /* Images.xcassets */; };
		92B0113A1B950A64006594A2 /* LaunchScreen.xib in Resources */ = {isa = PBXBuildFile; fileRef = 92B011381B950A64006594A2 /* LaunchScreen.xib */; };
		92B011461B950A64006594A2 /* Trash_Trek_ScorerTests.m in Sources */ = {isa = PBXBuildFile; fileRef = 92B011451B950A64006594A2 /* Trash_Trek_ScorerTests.m */; };
		92B0116A1B950C83006594A2 /* www in Resources */ = {isa = PBXBuildFile; fileRef = 92B011691B950C83006594A2 /* www */; };
/* End PBXBuildFile section */

/* Begin PBXContainerItemProxy section */
		92B011401B950A64006594A2 /* PBXContainerItemProxy */ = {
			isa = PBXContainerItemProxy;
			containerPortal = 92B0111E1B950A64006594A2 /* Project object */;
			proxyType = 1;
			remoteGlobalIDString = 92B011251B950A64006594A2;
			remoteInfo = "Trash Trek Scorer";
		};
/* End PBXContainerItemProxy section */

/* Begin PBXFileReference section */
		92B011261B950A64006594A2 /* FLL Trash Trek Scorer.app */ = {isa = PBXFileReference; explicitFileType = wrapper.application; includeInIndex = 0; path = "FLL Trash Trek Scorer.app"; sourceTree = BUILT_PRODUCTS_DIR; };
		92B0112A1B950A64006594A2 /* Info.plist */ = {isa = PBXFileReference; lastKnownFileType = text.plist.xml; path = Info.plist; sourceTree = "<group>"; };
		92B0112B1B950A64006594A2 /* main.m */ = {isa = PBXFileReference; lastKnownFileType = sourcecode.c.objc; path = main.m; sourceTree = "<group>"; };
		92B0112D1B950A64006594A2 /* AppDelegate.h */ = {isa = PBXFileReference; lastKnownFileType = sourcecode.c.h; path = AppDelegate.h; sourceTree = "<group>"; };
		92B0112E1B950A64006594A2 /* AppDelegate.m */ = {isa = PBXFileReference; lastKnownFileType = sourcecode.c.objc; path = AppDelegate.m; sourceTree = "<group>"; };
		92B011301B950A64006594A2 /* ViewController.h */ = {isa = PBXFileReference; lastKnownFileType = sourcecode.c.h; path = ViewController.h; sourceTree = "<group>"; };
		92B011311B950A64006594A2 /* ViewController.m */ = {isa = PBXFileReference; lastKnownFileType = sourcecode.c.objc; path = ViewController.m; sourceTree = "<group>"; };
		92B011341B950A64006594A2 /* Base */ = {isa = PBXFileReference; lastKnownFileType = file.storyboard; name = Base; path = Base.lproj/Main.storyboard; sourceTree = "<group>"; };
		92B011361B950A64006594A2 /* Images.xcassets */ = {isa = PBXFileReference; lastKnownFileType = folder.assetcatalog; path = Images.xcassets; sourceTree = "<group>"; };
		92B011391B950A64006594A2 /* Base */ = {isa = PBXFileReference; lastKnownFileType = file.xib; name = Base; path = Base.lproj/LaunchScreen.xib; sourceTree = "<group>"; };
		92B0113F1B950A64006594A2 /* FLL Trash Trek ScorerTests.xctest */ = {isa = PBXFileReference; explicitFileType = wrapper.cfbundle; includeInIndex = 0; path = "FLL Trash Trek ScorerTests.xctest"; sourceTree = BUILT_PRODUCTS_DIR; };
		92B011441B950A64006594A2 /* Info.plist */ = {isa = PBXFileReference; lastKnownFileType = text.plist.xml; path = Info.plist; sourceTree = "<group>"; };
		92B011451B950A64006594A2 /* Trash_Trek_ScorerTests.m */ = {isa = PBXFileReference; lastKnownFileType = sourcecode.c.objc; path = Trash_Trek_ScorerTests.m; sourceTree = "<group>"; };
		92B011691B950C83006594A2 /* www */ = {isa = PBXFileReference; lastKnownFileType = folder; path = www; sourceTree = "<group>"; };
/* End PBXFileReference section */

/* Begin PBXFrameworksBuildPhase section */
		92B011231B950A64006594A2 /* Frameworks */ = {
			isa = PBXFrameworksBuildPhase;
			buildActionMask = 2147483647;
			files = (
			);
			runOnlyForDeploymentPostprocessing = 0;
		};
		92B0113C1B950A64006594A2 /* Frameworks */ = {
			isa = PBXFrameworksBuildPhase;
			buildActionMask = 2147483647;
			files = (
			);
			runOnlyForDeploymentPostprocessing = 0;
		};
/* End PBXFrameworksBuildPhase section */

/* Begin PBXGroup section */
		92B0111D1B950A64006594A2 = {
			isa = PBXGroup;
			children = (
				92B011691B950C83006594A2 /* www */,
				92B011281B950A64006594A2 /* Trash Trek Scorer */,
				92B011421B950A64006594A2 /* Trash Trek ScorerTests */,
				92B011271B950A64006594A2 /* Products */,
			);
			sourceTree = "<group>";
		};
		92B011271B950A64006594A2 /* Products */ = {
			isa = PBXGroup;
			children = (
				92B011261B950A64006594A2 /* FLL Trash Trek Scorer.app */,
				92B0113F1B950A64006594A2 /* FLL Trash Trek ScorerTests.xctest */,
			);
			name = Products;
			sourceTree = "<group>";
		};
		92B011281B950A64006594A2 /* Trash Trek Scorer */ = {
			isa = PBXGroup;
			children = (
				92B0112D1B950A64006594A2 /* AppDelegate.h */,
				92B0112E1B950A64006594A2 /* AppDelegate.m */,
				92B011301B950A64006594A2 /* ViewController.h */,
				92B011311B950A64006594A2 /* ViewController.m */,
				92B011331B950A64006594A2 /* Main.storyboard */,
				92B011361B950A64006594A2 /* Images.xcassets */,
				92B011381B950A64006594A2 /* LaunchScreen.xib */,
				92B011291B950A64006594A2 /* Supporting Files */,
			);
			path = "Trash Trek Scorer";
			sourceTree = "<group>";
		};
		92B011291B950A64006594A2 /* Supporting Files */ = {
			isa = PBXGroup;
			children = (
				92B0112A1B950A64006594A2 /* Info.plist */,
				92B0112B1B950A64006594A2 /* main.m */,
			);
			name = "Supporting Files";
			sourceTree = "<group>";
		};
		92B011421B950A64006594A2 /* Trash Trek ScorerTests */ = {
			isa = PBXGroup;
			children = (
				92B011451B950A64006594A2 /* Trash_Trek_ScorerTests.m */,
				92B011431B950A64006594A2 /* Supporting Files */,
			);
			path = "Trash Trek ScorerTests";
			sourceTree = "<group>";
		};
		92B011431B950A64006594A2 /* Supporting Files */ = {
			isa = PBXGroup;
			children = (
				92B011441B950A64006594A2 /* Info.plist */,
			);
			name = "Supporting Files";
			sourceTree = "<group>";
		};
/* End PBXGroup section */

/* Begin PBXNativeTarget section */
		92B011251B950A64006594A2 /* FLL Trash Trek Scorer */ = {
			isa = PBXNativeTarget;
			buildConfigurationList = 92B011491B950A64006594A2 /* Build configuration list for PBXNativeTarget "FLL Trash Trek Scorer" */;
			buildPhases = (
				92B011221B950A64006594A2 /* Sources */,
				92B011231B950A64006594A2 /* Frameworks */,
				92B011241B950A64006594A2 /* Resources */,
			);
			buildRules = (
			);
			dependencies = (
			);
			name = "FLL Trash Trek Scorer";
			productName = "Trash Trek Scorer";
			productReference = 92B011261B950A64006594A2 /* FLL Trash Trek Scorer.app */;
			productType = "com.apple.product-type.application";
		};
		92B0113E1B950A64006594A2 /* FLL Trash Trek ScorerTests */ = {
			isa = PBXNativeTarget;
			buildConfigurationList = 92B0114C1B950A64006594A2 /* Build configuration list for PBXNativeTarget "FLL Trash Trek ScorerTests" */;
			buildPhases = (
				92B0113B1B950A64006594A2 /* Sources */,
				92B0113C1B950A64006594A2 /* Frameworks */,
				92B0113D1B950A64006594A2 /* Resources */,
			);
			buildRules = (
			);
			dependencies = (
				92B011411B950A64006594A2 /* PBXTargetDependency */,
			);
			name = "FLL Trash Trek ScorerTests";
			productName = "Trash Trek ScorerTests";
			productReference = 92B0113F1B950A64006594A2 /* FLL Trash Trek ScorerTests.xctest */;
			productType = "com.apple.product-type.bundle.unit-test";
		};
/* End PBXNativeTarget section */

/* Begin PBXProject section */
		92B0111E1B950A64006594A2 /* Project object */ = {
			isa = PBXProject;
			attributes = {
				LastUpgradeCheck = 0640;
				ORGANIZATIONNAME = EV3Lessons.com;
				TargetAttributes = {
					92B011251B950A64006594A2 = {
						CreatedOnToolsVersion = 6.4;
						DevelopmentTeam = YNNP28TXVG;
					};
					92B0113E1B950A64006594A2 = {
						CreatedOnToolsVersion = 6.4;
						TestTargetID = 92B011251B950A64006594A2;
					};
				};
			};
			buildConfigurationList = 92B011211B950A64006594A2 /* Build configuration list for PBXProject "FLL Trash Trek Scorer" */;
			compatibilityVersion = "Xcode 3.2";
			developmentRegion = English;
			hasScannedForEncodings = 0;
			knownRegions = (
				en,
				Base,
			);
			mainGroup = 92B0111D1B950A64006594A2;
			productRefGroup = 92B011271B950A64006594A2 /* Products */;
			projectDirPath = "";
			projectRoot = "";
			targets = (
				92B011251B950A64006594A2 /* FLL Trash Trek Scorer */,
				92B0113E1B950A64006594A2 /* FLL Trash Trek ScorerTests */,
			);
		};
/* End PBXProject section */

/* Begin PBXResourcesBuildPhase section */
		92B011241B950A64006594A2 /* Resources */ = {
			isa = PBXResourcesBuildPhase;
			buildActionMask = 2147483647;
			files = (
				92B0116A1B950C83006594A2 /* www in Resources */,
				92B011351B950A64006594A2 /* Main.storyboard in Resources */,
				92B0113A1B950A64006594A2 /* LaunchScreen.xib in Resources */,
				92B011371B950A64006594A2 /* Images.xcassets in Resources */,
			);
			runOnlyForDeploymentPostprocessing = 0;
		};
		92B0113D1B950A64006594A2 /* Resources */ = {
			isa = PBXResourcesBuildPhase;
			buildActionMask = 2147483647;
			files = (
			);
			runOnlyForDeploymentPostprocessing = 0;
		};
/* End PBXResourcesBuildPhase section */

/* Begin PBXSourcesBuildPhase section */
		92B011221B950A64006594A2 /* Sources */ = {
			isa = PBXSourcesBuildPhase;
			buildActionMask = 2147483647;
			files = (
				92B011321B950A64006594A2 /* ViewController.m in Sources */,
				92B0112F1B950A64006594A2 /* AppDelegate.m in Sources */,
				92B0112C1B950A64006594A2 /* main.m in Sources */,
			);
			runOnlyForDeploymentPostprocessing = 0;
		};
		92B0113B1B950A64006594A2 /* Sources */ = {
			isa = PBXSourcesBuildPhase;
			buildActionMask = 2147483647;
			files = (
				92B011461B950A64006594A2 /* Trash_Trek_ScorerTests.m in Sources */,
			);
			runOnlyForDeploymentPostprocessing = 0;
		};
/* End PBXSourcesBuildPhase section */

/* Begin PBXTargetDependency section */
		92B011411B950A64006594A2 /* PBXTargetDependency */ = {
			isa = PBXTargetDependency;
			target = 92B011251B950A64006594A2 /* FLL Trash Trek Scorer */;
			targetProxy = 92B011401B950A64006594A2 /* PBXContainerItemProxy */;
		};
/* End PBXTargetDependency section */

/* Begin PBXVariantGroup section */
		92B011331B950A64006594A2 /* Main.storyboard */ = {
			isa = PBXVariantGroup;
			children = (
				92B011341B950A64006594A2 /* Base */,
			);
			name = Main.storyboard;
			sourceTree = "<group>";
		};
		92B011381B950A64006594A2 /* LaunchScreen.xib */ = {
			isa = PBXVariantGroup;
			children = (
				92B011391B950A64006594A2 /* Base */,
			);
			name = LaunchScreen.xib;
			sourceTree = "<group>";
		};
/* End PBXVariantGroup section */

/* Begin XCBuildConfiguration section */
		92B011471B950A64006594A2 /* Debug */ = {
			isa = XCBuildConfiguration;
			buildSettings = {
				ALWAYS_SEARCH_USER_PATHS = NO;
				CLANG_CXX_LANGUAGE_STANDARD = "gnu++0x";
				CLANG_CXX_LIBRARY = "libc++";
				CLANG_ENABLE_MODULES = YES;
				CLANG_ENABLE_OBJC_ARC = YES;
				CLANG_WARN_BOOL_CONVERSION = YES;
				CLANG_WARN_CONSTANT_CONVERSION = YES;
				CLANG_WARN_DIRECT_OBJC_ISA_USAGE = YES_ERROR;
				CLANG_WARN_EMPTY_BODY = YES;
				CLANG_WARN_ENUM_CONVERSION = YES;
				CLANG_WARN_INT_CONVERSION = YES;
				CLANG_WARN_OBJC_ROOT_CLASS = YES_ERROR;
				CLANG_WARN_UNREACHABLE_CODE = YES;
				CLANG_WARN__DUPLICATE_METHOD_MATCH = YES;
				"CODE_SIGN_IDENTITY[sdk=iphoneos*]" = "iPhone Developer";
				COPY_PHASE_STRIP = NO;
				DEBUG_INFORMATION_FORMAT = "dwarf-with-dsym";
				ENABLE_STRICT_OBJC_MSGSEND = YES;
				GCC_C_LANGUAGE_STANDARD = gnu99;
				GCC_DYNAMIC_NO_PIC = NO;
				GCC_NO_COMMON_BLOCKS = YES;
				GCC_OPTIMIZATION_LEVEL = 0;
				GCC_PREPROCESSOR_DEFINITIONS = (
					"DEBUG=1",
					"$(inherited)",
				);
				GCC_SYMBOLS_PRIVATE_EXTERN = NO;
				GCC_WARN_64_TO_32_BIT_CONVERSION = YES;
				GCC_WARN_ABOUT_RETURN_TYPE = YES_ERROR;
				GCC_WARN_UNDECLARED_SELECTOR = YES;
				GCC_WARN_UNINITIALIZED_AUTOS = YES_AGGRESSIVE;
				GCC_WARN_UNUSED_FUNCTION = YES;
				GCC_WARN_UNUSED_VARIABLE = YES;
				IPHONEOS_DEPLOYMENT_TARGET = 4.3;
				MTL_ENABLE_DEBUG_INFO = YES;
				ONLY_ACTIVE_ARCH = YES;
				SDKROOT = iphoneos;
				TARGETED_DEVICE_FAMILY = "1,2";
			};
			name = Debug;
		};
		92B011481B950A64006594A2 /* Release */ = {
			isa = XCBuildConfiguration;
			buildSettings = {
				ALWAYS_SEARCH_USER_PATHS = NO;
				CLANG_CXX_LANGUAGE_STANDARD = "gnu++0x";
				CLANG_CXX_LIBRARY = "libc++";
				CLANG_ENABLE_MODULES = YES;
				CLANG_ENABLE_OBJC_ARC = YES;
				CLANG_WARN_BOOL_CONVERSION = YES;
				CLANG_WARN_CONSTANT_CONVERSION = YES;
				CLANG_WARN_DIRECT_OBJC_ISA_USAGE = YES_ERROR;
				CLANG_WARN_EMPTY_BODY = YES;
				CLANG_WARN_ENUM_CONVERSION = YES;
				CLANG_WARN_INT_CONVERSION = YES;
				CLANG_WARN_OBJC_ROOT_CLASS = YES_ERROR;
				CLANG_WARN_UNREACHABLE_CODE = YES;
				CLANG_WARN__DUPLICATE_METHOD_MATCH = YES;
				CODE_SIGN_IDENTITY = "iPhone Developer: Asha Seshan (BZ35DTURUZ)";
				"CODE_SIGN_IDENTITY[sdk=iphoneos*]" = "iPhone Developer";
				COPY_PHASE_STRIP = NO;
				DEBUG_INFORMATION_FORMAT = "dwarf-with-dsym";
				ENABLE_NS_ASSERTIONS = NO;
				ENABLE_STRICT_OBJC_MSGSEND = YES;
				GCC_C_LANGUAGE_STANDARD = gnu99;
				GCC_NO_COMMON_BLOCKS = YES;
				GCC_WARN_64_TO_32_BIT_CONVERSION = YES;
				GCC_WARN_ABOUT_RETURN_TYPE = YES_ERROR;
				GCC_WARN_UNDECLARED_SELECTOR = YES;
				GCC_WARN_UNINITIALIZED_AUTOS = YES_AGGRESSIVE;
				GCC_WARN_UNUSED_FUNCTION = YES;
				GCC_WARN_UNUSED_VARIABLE = YES;
				IPHONEOS_DEPLOYMENT_TARGET = 4.3;
				MTL_ENABLE_DEBUG_INFO = NO;
				SDKROOT = iphoneos;
				TARGETED_DEVICE_FAMILY = "1,2";
				VALIDATE_PRODUCT = YES;
			};
			name = Release;
		};
		92B0114A1B950A64006594A2 /* Debug */ = {
			isa = XCBuildConfiguration;
			buildSettings = {
				ASSETCATALOG_COMPILER_APPICON_NAME = AppIcon;
				ASSETCATALOG_COMPILER_LAUNCHIMAGE_NAME = LaunchImage;
				CODE_SIGN_IDENTITY = "iPhone Developer";
				"CODE_SIGN_IDENTITY[sdk=iphoneos*]" = "iPhone Developer";
				INFOPLIST_FILE = "Trash Trek Scorer/Info.plist";
				IPHONEOS_DEPLOYMENT_TARGET = 6.0;
				LD_RUNPATH_SEARCH_PATHS = "$(inherited) @executable_path/Frameworks";
				PRODUCT_NAME = "FLL Trash Trek Scorer";
				PROVISIONING_PROFILE = "";
			};
			name = Debug;
		};
		92B0114B1B950A64006594A2 /* Release */ = {
			isa = XCBuildConfiguration;
			buildSettings = {
				ASSETCATALOG_COMPILER_APPICON_NAME = AppIcon;
				ASSETCATALOG_COMPILER_LAUNCHIMAGE_NAME = LaunchImage;
				CODE_SIGN_IDENTITY = "iPhone Developer";
				"CODE_SIGN_IDENTITY[sdk=iphoneos*]" = "iPhone Developer";
				INFOPLIST_FILE = "Trash Trek Scorer/Info.plist";
				IPHONEOS_DEPLOYMENT_TARGET = 6.0;
				LD_RUNPATH_SEARCH_PATHS = "$(inherited) @executable_path/Frameworks";
				PRODUCT_NAME = "FLL Trash Trek Scorer";
				PROVISIONING_PROFILE = "";
			};
			name = Release;
		};
		92B0114D1B950A64006594A2 /* Debug */ = {
			isa = XCBuildConfiguration;
			buildSettings = {
				BUNDLE_LOADER = "$(TEST_HOST)";
				FRAMEWORK_SEARCH_PATHS = (
					"$(SDKROOT)/Developer/Library/Frameworks",
					"$(inherited)",
				);
				GCC_PREPROCESSOR_DEFINITIONS = (
					"DEBUG=1",
					"$(inherited)",
				);
				INFOPLIST_FILE = "Trash Trek ScorerTests/Info.plist";
				LD_RUNPATH_SEARCH_PATHS = "$(inherited) @executable_path/Frameworks @loader_path/Frameworks";
				PRODUCT_NAME = "FLL Trash Trek ScorerTests";
				TEST_HOST = "$(BUILT_PRODUCTS_DIR)/Trash Trek Scorer.app/Trash Trek Scorer";
			};
			name = Debug;
		};
		92B0114E1B950A64006594A2 /* Release */ = {
			isa = XCBuildConfiguration;
			buildSettings = {
				BUNDLE_LOADER = "$(TEST_HOST)";
				FRAMEWORK_SEARCH_PATHS = (
					"$(SDKROOT)/Developer/Library/Frameworks",
					"$(inherited)",
				);
				INFOPLIST_FILE = "Trash Trek ScorerTests/Info.plist";
				LD_RUNPATH_SEARCH_PATHS = "$(inherited) @executable_path/Frameworks @loader_path/Frameworks";
				PRODUCT_NAME = "FLL Trash Trek ScorerTests";
				TEST_HOST = "$(BUILT_PRODUCTS_DIR)/Trash Trek Scorer.app/Trash Trek Scorer";
			};
			name = Release;
		};
/* End XCBuildConfiguration section */

/* Begin XCConfigurationList section */
		92B011211B950A64006594A2 /* Build configuration list for PBXProject "FLL Trash Trek Scorer" */ = {
			isa = XCConfigurationList;
			buildConfigurations = (
				92B011471B950A64006594A2 /* Debug */,
				92B011481B950A64006594A2 /* Release */,
			);
			defaultConfigurationIsVisible = 0;
			defaultConfigurationName = Release;
		};
		92B011491B950A64006594A2 /* Build configuration list for PBXNativeTarget "FLL Trash Trek Scorer" */ = {
			isa = XCConfigurationList;
			buildConfigurations = (
				92B0114A1B950A64006594A2 /* Debug */,
				92B0114B1B950A64006594A2 /* Release */,
			);
			defaultConfigurationIsVisible = 0;
			defaultConfigurationName = Release;
		};
		92B0114C1B950A64006594A2 /* Build configuration list for PBXNativeTarget "FLL Trash Trek ScorerTests" */ = {
			isa = XCConfigurationList;
			buildConfigurations = (
				92B0114D1B950A64006594A2 /* Debug */,
				92B0114E1B950A64006594A2 /* Release */,
			);
			defaultConfigurationIsVisible = 0;
			defaultConfigurationName = Release;
		};
/* End XCConfigurationList section */
	};
	rootObject = 92B0111E1B950A64006594A2 /* Project object */;
}
